
Microsoft Visual Studio Solution File, Format Version 12.00
# Visual Studio Version 17
VisualStudioVersion = 17.5.33530.505
MinimumVisualStudioVersion = 10.0.40219.1
Project("{FAE04EC0-301F-11D3-BF4B-00C04F79EFBC}") = "05", "05.csproj", "{C765E6AD-428D-4025-86D8-BC2AF14D6FF4}"
EndProject
Global
	GlobalSection(SolutionConfigurationPlatforms) = preSolution
		Debug|Any CPU = Debug|Any CPU
		Release|Any CPU = Release|Any CPU
	EndGlobalSection
	GlobalSection(ProjectConfigurationPlatforms) = postSolution
		{C765E6AD-428D-4025-86D8-BC2AF14D6FF4}.Debug|Any CPU.ActiveCfg = Debug|Any CPU
		{C765E6AD-428D-4025-86D8-BC2AF14D6FF4}.Debug|Any CPU.Build.0 = Debug|Any CPU
		{C765E6AD-428D-4025-86D8-BC2AF14D6FF4}.Release|Any CPU.ActiveCfg = Release|Any CPU
		{C765E6AD-428D-4025-86D8-BC2AF14D6FF4}.Release|Any CPU.Build.0 = Release|Any CPU
	EndGlobalSection
	GlobalSection(SolutionProperties) = preSolution
		HideSolutionNode = FALSE
	EndGlobalSection
	GlobalSection(ExtensibilityGlobals) = postSolution
		SolutionGuid = {1BEAACCD-2E0F-4200-8AB2-A4FFC9414C3F}
	EndGlobalSection
EndGlobal
